
Microsoft Visual Studio Solution File, Format Version 12.00
# Visual Studio 15
VisualStudioVersion = 15.0.27130.2020
MinimumVisualStudioVersion = 10.0.40219.1
Project("{9A19103F-16F7-4668-BE54-9A1E7A4F7556}") = "01.SumMathElements", "SumMathElements\01.SumMathElements.csproj", "{0154C142-42DA-4C3B-8A1A-72B59CF11028}"
EndProject
Project("{9A19103F-16F7-4668-BE54-9A1E7A4F7556}") = "02.MaxSumSubmatrix", "MaxSumSubmatrix\02.MaxSumSubmatrix.csproj", "{5153C862-1F71-4F20-A57B-6C360931E45F}"
EndProject
Project("{9A19103F-16F7-4668-BE54-9A1E7A4F7556}") = "03.GroupNumbers", "GroupNumbers\03.GroupNumbers.csproj", "{7F4C7892-C289-43E8-B8E9-D828A05D3050}"
EndProject
Project("{9A19103F-16F7-4668-BE54-9A1E7A4F7556}") = "04.PascalTriangle", "PascalTriangle\04.PascalTriangle.csproj", "{0A0AA6FB-3EDA-4417-B489-2D7358E75D4D}"
EndProject
Global
	GlobalSection(SolutionConfigurationPlatforms) = preSolution
		Debug|Any CPU = Debug|Any CPU
		Release|Any CPU = Release|Any CPU
	EndGlobalSection
	GlobalSection(ProjectConfigurationPlatforms) = postSolution
		{0154C142-42DA-4C3B-8A1A-72B59CF11028}.Debug|Any CPU.ActiveCfg = Debug|Any CPU
		{0154C142-42DA-4C3B-8A1A-72B59CF11028}.Debug|Any CPU.Build.0 = Debug|Any CPU
		{0154C142-42DA-4C3B-8A1A-72B59CF11028}.Release|Any CPU.ActiveCfg = Release|Any CPU
		{0154C142-42DA-4C3B-8A1A-72B59CF11028}.Release|Any CPU.Build.0 = Release|Any CPU
		{5153C862-1F71-4F20-A57B-6C360931E45F}.Debug|Any CPU.ActiveCfg = Debug|Any CPU
		{5153C862-1F71-4F20-A57B-6C360931E45F}.Debug|Any CPU.Build.0 = Debug|Any CPU
		{5153C862-1F71-4F20-A57B-6C360931E45F}.Release|Any CPU.ActiveCfg = Release|Any CPU
		{5153C862-1F71-4F20-A57B-6C360931E45F}.Release|Any CPU.Build.0 = Release|Any CPU
		{7F4C7892-C289-43E8-B8E9-D828A05D3050}.Debug|Any CPU.ActiveCfg = Debug|Any CPU
		{7F4C7892-C289-43E8-B8E9-D828A05D3050}.Debug|Any CPU.Build.0 = Debug|Any CPU
		{7F4C7892-C289-43E8-B8E9-D828A05D3050}.Release|Any CPU.ActiveCfg = Release|Any CPU
		{7F4C7892-C289-43E8-B8E9-D828A05D3050}.Release|Any CPU.Build.0 = Release|Any CPU
		{0A0AA6FB-3EDA-4417-B489-2D7358E75D4D}.Debug|Any CPU.ActiveCfg = Debug|Any CPU
		{0A0AA6FB-3EDA-4417-B489-2D7358E75D4D}.Debug|Any CPU.Build.0 = Debug|Any CPU
		{0A0AA6FB-3EDA-4417-B489-2D7358E75D4D}.Release|Any CPU.ActiveCfg = Release|Any CPU
		{0A0AA6FB-3EDA-4417-B489-2D7358E75D4D}.Release|Any CPU.Build.0 = Release|Any CPU
	EndGlobalSection
	GlobalSection(SolutionProperties) = preSolution
		HideSolutionNode = FALSE
	EndGlobalSection
	GlobalSection(ExtensibilityGlobals) = postSolution
		SolutionGuid = {53C79488-F272-4741-8920-B93553458806}
	EndGlobalSection
EndGlobal
