
Microsoft Visual Studio Solution File, Format Version 12.00
# Visual Studio 15
VisualStudioVersion = 15.0.27130.2020
MinimumVisualStudioVersion = 10.0.40219.1
Project("{9A19103F-16F7-4668-BE54-9A1E7A4F7556}") = "05.HotPatato", "HotPatato\05.HotPatato.csproj", "{54BC33C3-0476-495A-BC70-68E6EE8BF5ED}"
EndProject
Project("{9A19103F-16F7-4668-BE54-9A1E7A4F7556}") = "06.MathPotato", "MathPotato\06.MathPotato.csproj", "{555AF961-B5FE-49B9-9661-C22449F8C471}"
EndProject
Project("{9A19103F-16F7-4668-BE54-9A1E7A4F7556}") = "01.ReverseStrings", "ReverseStrings\01.ReverseStrings.csproj", "{1BC31415-9F42-4984-8808-9D4E8D4DCA7F}"
EndProject
Project("{9A19103F-16F7-4668-BE54-9A1E7A4F7556}") = "02.SimpleCalculator", "SimpleCalculator\02.SimpleCalculator.csproj", "{B072DF98-4AB4-4F44-AD42-D31618C92197}"
EndProject
Project("{9A19103F-16F7-4668-BE54-9A1E7A4F7556}") = "03.DecToBinConverter", "DecToBinConverter\03.DecToBinConverter.csproj", "{7F91FA53-18D9-4DB0-9502-756E562F905D}"
EndProject
Project("{9A19103F-16F7-4668-BE54-9A1E7A4F7556}") = "04.MatchingBrackets", "MatchingBrackets\04.MatchingBrackets.csproj", "{C7ED2CDA-A643-4B92-A516-ECEDB17121C3}"
EndProject
Project("{FAE04EC0-301F-11D3-BF4B-00C04F79EFBC}") = "Demo", "Demo\Demo.csproj", "{8D96A7CA-54B9-4A02-9FE9-531761F35F89}"
EndProject
Project("{FAE04EC0-301F-11D3-BF4B-00C04F79EFBC}") = "07.TrafficLight", "TrafficLight\07.TrafficLight.csproj", "{6584A0C5-F503-4B7A-86D6-703A101111AB}"
EndProject
Global
	GlobalSection(SolutionConfigurationPlatforms) = preSolution
		Debug|Any CPU = Debug|Any CPU
		Release|Any CPU = Release|Any CPU
	EndGlobalSection
	GlobalSection(ProjectConfigurationPlatforms) = postSolution
		{54BC33C3-0476-495A-BC70-68E6EE8BF5ED}.Debug|Any CPU.ActiveCfg = Debug|Any CPU
		{54BC33C3-0476-495A-BC70-68E6EE8BF5ED}.Debug|Any CPU.Build.0 = Debug|Any CPU
		{54BC33C3-0476-495A-BC70-68E6EE8BF5ED}.Release|Any CPU.ActiveCfg = Release|Any CPU
		{54BC33C3-0476-495A-BC70-68E6EE8BF5ED}.Release|Any CPU.Build.0 = Release|Any CPU
		{555AF961-B5FE-49B9-9661-C22449F8C471}.Debug|Any CPU.ActiveCfg = Debug|Any CPU
		{555AF961-B5FE-49B9-9661-C22449F8C471}.Debug|Any CPU.Build.0 = Debug|Any CPU
		{555AF961-B5FE-49B9-9661-C22449F8C471}.Release|Any CPU.ActiveCfg = Release|Any CPU
		{555AF961-B5FE-49B9-9661-C22449F8C471}.Release|Any CPU.Build.0 = Release|Any CPU
		{1BC31415-9F42-4984-8808-9D4E8D4DCA7F}.Debug|Any CPU.ActiveCfg = Debug|Any CPU
		{1BC31415-9F42-4984-8808-9D4E8D4DCA7F}.Debug|Any CPU.Build.0 = Debug|Any CPU
		{1BC31415-9F42-4984-8808-9D4E8D4DCA7F}.Release|Any CPU.ActiveCfg = Release|Any CPU
		{1BC31415-9F42-4984-8808-9D4E8D4DCA7F}.Release|Any CPU.Build.0 = Release|Any CPU
		{B072DF98-4AB4-4F44-AD42-D31618C92197}.Debug|Any CPU.ActiveCfg = Debug|Any CPU
		{B072DF98-4AB4-4F44-AD42-D31618C92197}.Debug|Any CPU.Build.0 = Debug|Any CPU
		{B072DF98-4AB4-4F44-AD42-D31618C92197}.Release|Any CPU.ActiveCfg = Release|Any CPU
		{B072DF98-4AB4-4F44-AD42-D31618C92197}.Release|Any CPU.Build.0 = Release|Any CPU
		{7F91FA53-18D9-4DB0-9502-756E562F905D}.Debug|Any CPU.ActiveCfg = Debug|Any CPU
		{7F91FA53-18D9-4DB0-9502-756E562F905D}.Debug|Any CPU.Build.0 = Debug|Any CPU
		{7F91FA53-18D9-4DB0-9502-756E562F905D}.Release|Any CPU.ActiveCfg = Release|Any CPU
		{7F91FA53-18D9-4DB0-9502-756E562F905D}.Release|Any CPU.Build.0 = Release|Any CPU
		{C7ED2CDA-A643-4B92-A516-ECEDB17121C3}.Debug|Any CPU.ActiveCfg = Debug|Any CPU
		{C7ED2CDA-A643-4B92-A516-ECEDB17121C3}.Debug|Any CPU.Build.0 = Debug|Any CPU
		{C7ED2CDA-A643-4B92-A516-ECEDB17121C3}.Release|Any CPU.ActiveCfg = Release|Any CPU
		{C7ED2CDA-A643-4B92-A516-ECEDB17121C3}.Release|Any CPU.Build.0 = Release|Any CPU
		{8D96A7CA-54B9-4A02-9FE9-531761F35F89}.Debug|Any CPU.ActiveCfg = Debug|Any CPU
		{8D96A7CA-54B9-4A02-9FE9-531761F35F89}.Debug|Any CPU.Build.0 = Debug|Any CPU
		{8D96A7CA-54B9-4A02-9FE9-531761F35F89}.Release|Any CPU.ActiveCfg = Release|Any CPU
		{8D96A7CA-54B9-4A02-9FE9-531761F35F89}.Release|Any CPU.Build.0 = Release|Any CPU
		{6584A0C5-F503-4B7A-86D6-703A101111AB}.Debug|Any CPU.ActiveCfg = Debug|Any CPU
		{6584A0C5-F503-4B7A-86D6-703A101111AB}.Debug|Any CPU.Build.0 = Debug|Any CPU
		{6584A0C5-F503-4B7A-86D6-703A101111AB}.Release|Any CPU.ActiveCfg = Release|Any CPU
		{6584A0C5-F503-4B7A-86D6-703A101111AB}.Release|Any CPU.Build.0 = Release|Any CPU
	EndGlobalSection
	GlobalSection(SolutionProperties) = preSolution
		HideSolutionNode = FALSE
	EndGlobalSection
	GlobalSection(ExtensibilityGlobals) = postSolution
		SolutionGuid = {2DD0E535-2950-49F5-A3FA-F83EEC9A629B}
	EndGlobalSection
EndGlobal
